
Microsoft Visual Studio Solution File, Format Version 12.00
# Visual Studio Version 17
VisualStudioVersion = 17.9.34616.47
MinimumVisualStudioVersion = 10.0.40219.1
Project("{FAE04EC0-301F-11D3-BF4B-00C04F79EFBC}") = "TuvTurk", "TuvTurk.csproj", "{A4185E49-3265-4A48-A40F-601E025E4EF5}"
EndProject
Global
	GlobalSection(SolutionConfigurationPlatforms) = preSolution
		Debug|Any CPU = Debug|Any CPU
		Release|Any CPU = Release|Any CPU
	EndGlobalSection
	GlobalSection(ProjectConfigurationPlatforms) = postSolution
		{A4185E49-3265-4A48-A40F-601E025E4EF5}.Debug|Any CPU.ActiveCfg = Debug|Any CPU
		{A4185E49-3265-4A48-A40F-601E025E4EF5}.Debug|Any CPU.Build.0 = Debug|Any CPU
		{A4185E49-3265-4A48-A40F-601E025E4EF5}.Release|Any CPU.ActiveCfg = Release|Any CPU
		{A4185E49-3265-4A48-A40F-601E025E4EF5}.Release|Any CPU.Build.0 = Release|Any CPU
	EndGlobalSection
	GlobalSection(SolutionProperties) = preSolution
		HideSolutionNode = FALSE
	EndGlobalSection
	GlobalSection(ExtensibilityGlobals) = postSolution
		SolutionGuid = {19F16502-5E59-4D94-95EF-A80802C69283}
	EndGlobalSection
EndGlobal
